
Microsoft Visual Studio Solution File, Format Version 12.00
# Visual Studio Version 16
VisualStudioVersion = 16.0.29326.143
MinimumVisualStudioVersion = 10.0.40219.1
Project("{8BC9CEB8-8B4A-11D0-8D11-00A0C91BC942}") = "Env1", "Env1\Env1.vcxproj", "{324948D3-18B2-46A3-AEE8-C2F28C5D51D3}"
	ProjectSection(ProjectDependencies) = postProject
		{ED6A5F88-9356-4149-AA1A-31CAE2364CE5} = {ED6A5F88-9356-4149-AA1A-31CAE2364CE5}
	EndProjectSection
EndProject
Project("{8BC9CEB8-8B4A-11D0-8D11-00A0C91BC942}") = "Moraine", "Moraine\Moraine.vcxproj", "{ED6A5F88-9356-4149-AA1A-31CAE2364CE5}"
EndProject
Global
	GlobalSection(SolutionConfigurationPlatforms) = preSolution
		Debug|x64 = Debug|x64
		Debug|x86 = Debug|x86
		Release|x64 = Release|x64
		Release|x86 = Release|x86
	EndGlobalSection
	GlobalSection(ProjectConfigurationPlatforms) = postSolution
		{324948D3-18B2-46A3-AEE8-C2F28C5D51D3}.Debug|x64.ActiveCfg = Debug|x64
		{324948D3-18B2-46A3-AEE8-C2F28C5D51D3}.Debug|x64.Build.0 = Debug|x64
		{324948D3-18B2-46A3-AEE8-C2F28C5D51D3}.Debug|x86.ActiveCfg = Debug|Win32
		{324948D3-18B2-46A3-AEE8-C2F28C5D51D3}.Debug|x86.Build.0 = Debug|Win32
		{324948D3-18B2-46A3-AEE8-C2F28C5D51D3}.Release|x64.ActiveCfg = Release|x64
		{324948D3-18B2-46A3-AEE8-C2F28C5D51D3}.Release|x64.Build.0 = Release|x64
		{324948D3-18B2-46A3-AEE8-C2F28C5D51D3}.Release|x86.ActiveCfg = Release|Win32
		{324948D3-18B2-46A3-AEE8-C2F28C5D51D3}.Release|x86.Build.0 = Release|Win32
		{ED6A5F88-9356-4149-AA1A-31CAE2364CE5}.Debug|x64.ActiveCfg = Debug|x64
		{ED6A5F88-9356-4149-AA1A-31CAE2364CE5}.Debug|x64.Build.0 = Debug|x64
		{ED6A5F88-9356-4149-AA1A-31CAE2364CE5}.Debug|x86.ActiveCfg = Debug|Win32
		{ED6A5F88-9356-4149-AA1A-31CAE2364CE5}.Debug|x86.Build.0 = Debug|Win32
		{ED6A5F88-9356-4149-AA1A-31CAE2364CE5}.Release|x64.ActiveCfg = Release|x64
		{ED6A5F88-9356-4149-AA1A-31CAE2364CE5}.Release|x64.Build.0 = Release|x64
		{ED6A5F88-9356-4149-AA1A-31CAE2364CE5}.Release|x86.ActiveCfg = Release|Win32
		{ED6A5F88-9356-4149-AA1A-31CAE2364CE5}.Release|x86.Build.0 = Release|Win32
	EndGlobalSection
	GlobalSection(SolutionProperties) = preSolution
		HideSolutionNode = FALSE
	EndGlobalSection
	GlobalSection(ExtensibilityGlobals) = postSolution
		SolutionGuid = {D651D21F-2019-4FFC-A14F-34AA681888B1}
	EndGlobalSection
EndGlobal
